// !$*UTF8*$!
{
	archiveVersion = 1;
	classes = {
	};
	objectVersion = 46;
	objects = {

/* Begin PBXBuildFile section */
		164EE075197C46900067261F /* Foundation.framework in Frameworks */ = {isa = PBXBuildFile; fileRef = 164EE074197C46900067261F /* Foundation.framework */; };
		164EE077197C46900067261F /* CoreGraphics.framework in Frameworks */ = {isa = PBXBuildFile; fileRef = 164EE076197C46900067261F /* CoreGraphics.framework */; };
		164EE079197C46900067261F /* UIKit.framework in Frameworks */ = {isa = PBXBuildFile; fileRef = 164EE078197C46900067261F /* UIKit.framework */; };
		164EE07F197C46900067261F /* InfoPlist.strings in Resources */ = {isa = PBXBuildFile; fileRef = 164EE07D197C46900067261F /* InfoPlist.strings */; };
		164EE081197C46900067261F /* main.m in Sources */ = {isa = PBXBuildFile; fileRef = 164EE080197C46900067261F /* main.m */; };
		164EE085197C46900067261F /* AppDelegate.m in Sources */ = {isa = PBXBuildFile; fileRef = 164EE084197C46900067261F /* AppDelegate.m */; };
		164EE088197C46900067261F /* Main_iPhone.storyboard in Resources */ = {isa = PBXBuildFile; fileRef = 164EE086197C46900067261F /* Main_iPhone.storyboard */; };
		164EE08B197C46900067261F /* Main_iPad.storyboard in Resources */ = {isa = PBXBuildFile; fileRef = 164EE089197C46900067261F /* Main_iPad.storyboard */; };
		164EE08E197C46900067261F /* ViewController.m in Sources */ = {isa = PBXBuildFile; fileRef = 164EE08D197C46900067261F /* ViewController.m */; };
		164EE090197C46900067261F /* Images.xcassets in Resources */ = {isa = PBXBuildFile; fileRef = 164EE08F197C46900067261F /* Images.xcassets */; };
		164EE097197C46900067261F /* XCTest.framework in Frameworks */ = {isa = PBXBuildFile; fileRef = 164EE096197C46900067261F /* XCTest.framework */; };
		164EE098197C46900067261F /* Foundation.framework in Frameworks */ = {isa = PBXBuildFile; fileRef = 164EE074197C46900067261F /* Foundation.framework */; };
		164EE099197C46900067261F /* UIKit.framework in Frameworks */ = {isa = PBXBuildFile; fileRef = 164EE078197C46900067261F /* UIKit.framework */; };
		164EE0A1197C46900067261F /* InfoPlist.strings in Resources */ = {isa = PBXBuildFile; fileRef = 164EE09F197C46900067261F /* InfoPlist.strings */; };
		164EE0A3197C46900067261F /* ALDynamicFormTests.m in Sources */ = {isa = PBXBuildFile; fileRef = 164EE0A2197C46900067261F /* ALDynamicFormTests.m */; };
		164EE0B4197C48A80067261F /* ALDynamicForm.m in Sources */ = {isa = PBXBuildFile; fileRef = 164EE0B3197C48A80067261F /* ALDynamicForm.m */; };
		164EE0B8197C4D970067261F /* bg_combobox.png in Resources */ = {isa = PBXBuildFile; fileRef = 164EE0B6197C4D970067261F /* bg_combobox.png */; };
		164EE0B9197C4D970067261F /* bg_submit.png in Resources */ = {isa = PBXBuildFile; fileRef = 164EE0B7197C4D970067261F /* bg_submit.png */; };
		164EE0CA197C4DF40067261F /* Icon-60.png in Resources */ = {isa = PBXBuildFile; fileRef = 164EE0BA197C4DF40067261F /* Icon-60.png */; };
		164EE0CB197C4DF40067261F /* Icon-60@2x.png in Resources */ = {isa = PBXBuildFile; fileRef = 164EE0BB197C4DF40067261F /* Icon-60@2x.png */; };
		164EE0CC197C4DF40067261F /* Icon-72.png in Resources */ = {isa = PBXBuildFile; fileRef = 164EE0BC197C4DF40067261F /* Icon-72.png */; };
		164EE0CD197C4DF40067261F /* Icon-72@2x.png in Resources */ = {isa = PBXBuildFile; fileRef = 164EE0BD197C4DF40067261F /* Icon-72@2x.png */; };
		164EE0CE197C4DF40067261F /* Icon-76.png in Resources */ = {isa = PBXBuildFile; fileRef = 164EE0BE197C4DF40067261F /* Icon-76.png */; };
		164EE0CF197C4DF40067261F /* Icon-76@2x.png in Resources */ = {isa = PBXBuildFile; fileRef = 164EE0BF197C4DF40067261F /* Icon-76@2x.png */; };
		164EE0D0197C4DF40067261F /* Icon-Small-50.png in Resources */ = {isa = PBXBuildFile; fileRef = 164EE0C0197C4DF40067261F /* Icon-Small-50.png */; };
		164EE0D1197C4DF40067261F /* Icon-Small-50@2x.png in Resources */ = {isa = PBXBuildFile; fileRef = 164EE0C1197C4DF40067261F /* Icon-Small-50@2x.png */; };
		164EE0D2197C4DF40067261F /* Icon-Small.png in Resources */ = {isa = PBXBuildFile; fileRef = 164EE0C2197C4DF40067261F /* Icon-Small.png */; };
		164EE0D3197C4DF40067261F /* Icon-Small@2x.png in Resources */ = {isa = PBXBuildFile; fileRef = 164EE0C3197C4DF40067261F /* Icon-Small@2x.png */; };
		164EE0D4197C4DF40067261F /* Icon-Spotlight-40.png in Resources */ = {isa = PBXBuildFile; fileRef = 164EE0C4197C4DF40067261F /* Icon-Spotlight-40.png */; };
		164EE0D5197C4DF40067261F /* Icon-Spotlight-40@2x.png in Resources */ = {isa = PBXBuildFile; fileRef = 164EE0C5197C4DF40067261F /* Icon-Spotlight-40@2x.png */; };
		164EE0D6197C4DF40067261F /* Icon.png in Resources */ = {isa = PBXBuildFile; fileRef = 164EE0C6197C4DF40067261F /* Icon.png */; };
		164EE0D7197C4DF40067261F /* Icon@2x.png in Resources */ = {isa = PBXBuildFile; fileRef = 164EE0C7197C4DF40067261F /* Icon@2x.png */; };
		164EE0D8197C4DF40067261F /* iTunesArtwork in Resources */ = {isa = PBXBuildFile; fileRef = 164EE0C8197C4DF40067261F /* iTunesArtwork */; };
		164EE0D9197C4DF40067261F /* iTunesArtwork@2x in Resources */ = {isa = PBXBuildFile; fileRef = 164EE0C9197C4DF40067261F /* iTunesArtwork@2x */; };
/* End PBXBuildFile section */

/* Begin PBXContainerItemProxy section */
		164EE09A197C46900067261F /* PBXContainerItemProxy */ = {
			isa = PBXContainerItemProxy;
			containerPortal = 164EE069197C46900067261F /* Project object */;
			proxyType = 1;
			remoteGlobalIDString = 164EE070197C46900067261F;
			remoteInfo = ALDynamicForm;
		};
/* End PBXContainerItemProxy section */

/* Begin PBXFileReference section */
		164EE071197C46900067261F /* ALDynamicForm.app */ = {isa = PBXFileReference; explicitFileType = wrapper.application; includeInIndex = 0; path = ALDynamicForm.app; sourceTree = BUILT_PRODUCTS_DIR; };
		164EE074197C46900067261F /* Foundation.framework */ = {isa = PBXFileReference; lastKnownFileType = wrapper.framework; name = Foundation.framework; path = System/Library/Frameworks/Foundation.framework; sourceTree = SDKROOT; };
		164EE076197C46900067261F /* CoreGraphics.framework */ = {isa = PBXFileReference; lastKnownFileType = wrapper.framework; name = CoreGraphics.framework; path = System/Library/Frameworks/CoreGraphics.framework; sourceTree = SDKROOT; };
		164EE078197C46900067261F /* UIKit.framework */ = {isa = PBXFileReference; lastKnownFileType = wrapper.framework; name = UIKit.framework; path = System/Library/Frameworks/UIKit.framework; sourceTree = SDKROOT; };
		164EE07C197C46900067261F /* ALDynamicForm-Info.plist */ = {isa = PBXFileReference; lastKnownFileType = text.plist.xml; name = "ALDynamicForm-Info.plist"; path = "../ALDynamicForm-Info.plist"; sourceTree = "<group>"; };
		164EE07E197C46900067261F /* en */ = {isa = PBXFileReference; lastKnownFileType = text.plist.strings; name = en; path = en.lproj/InfoPlist.strings; sourceTree = "<group>"; };
		164EE080197C46900067261F /* main.m */ = {isa = PBXFileReference; lastKnownFileType = sourcecode.c.objc; name = main.m; path = ../main.m; sourceTree = "<group>"; };
		164EE082197C46900067261F /* ALDynamicForm-Prefix.pch */ = {isa = PBXFileReference; lastKnownFileType = sourcecode.c.h; name = "ALDynamicForm-Prefix.pch"; path = "/Users/albertolourenco/Desktop/ALDynamicForm/ALDynamicForm/ALDynamicForm-Prefix.pch"; sourceTree = "<absolute>"; };
		164EE083197C46900067261F /* AppDelegate.h */ = {isa = PBXFileReference; lastKnownFileType = sourcecode.c.h; name = AppDelegate.h; path = /Users/albertolourenco/Desktop/ALDynamicForm/ALDynamicForm/Delegate/AppDelegate.h; sourceTree = "<absolute>"; };
		164EE084197C46900067261F /* AppDelegate.m */ = {isa = PBXFileReference; lastKnownFileType = sourcecode.c.objc; name = AppDelegate.m; path = /Users/albertolourenco/Desktop/ALDynamicForm/ALDynamicForm/Delegate/AppDelegate.m; sourceTree = "<absolute>"; };
		164EE087197C46900067261F /* Base */ = {isa = PBXFileReference; lastKnownFileType = file.storyboard; name = Base; path = Base.lproj/Main_iPhone.storyboard; sourceTree = "<group>"; };
		164EE08A197C46900067261F /* Base */ = {isa = PBXFileReference; lastKnownFileType = file.storyboard; name = Base; path = Base.lproj/Main_iPad.storyboard; sourceTree = "<group>"; };
		164EE08C197C46900067261F /* ViewController.h */ = {isa = PBXFileReference; lastKnownFileType = sourcecode.c.h; name = ViewController.h; path = /Users/albertolourenco/Desktop/ALDynamicForm/ALDynamicForm/Controllers/ViewController.h; sourceTree = "<absolute>"; };
		164EE08D197C46900067261F /* ViewController.m */ = {isa = PBXFileReference; lastKnownFileType = sourcecode.c.objc; name = ViewController.m; path = /Users/albertolourenco/Desktop/ALDynamicForm/ALDynamicForm/Controllers/ViewController.m; sourceTree = "<absolute>"; };
		164EE08F197C46900067261F /* Images.xcassets */ = {isa = PBXFileReference; lastKnownFileType = folder.assetcatalog; name = Images.xcassets; path = /Users/albertolourenco/Desktop/ALDynamicForm/ALDynamicForm/Assets/Images.xcassets; sourceTree = "<absolute>"; };
		164EE095197C46900067261F /* ALDynamicFormTests.xctest */ = {isa = PBXFileReference; explicitFileType = wrapper.cfbundle; includeInIndex = 0; path = ALDynamicFormTests.xctest; sourceTree = BUILT_PRODUCTS_DIR; };
		164EE096197C46900067261F /* XCTest.framework */ = {isa = PBXFileReference; lastKnownFileType = wrapper.framework; name = XCTest.framework; path = Library/Frameworks/XCTest.framework; sourceTree = DEVELOPER_DIR; };
		164EE09E197C46900067261F /* ALDynamicFormTests-Info.plist */ = {isa = PBXFileReference; lastKnownFileType = text.plist.xml; path = "ALDynamicFormTests-Info.plist"; sourceTree = "<group>"; };
		164EE0A0197C46900067261F /* en */ = {isa = PBXFileReference; lastKnownFileType = text.plist.strings; name = en; path = en.lproj/InfoPlist.strings; sourceTree = "<group>"; };
		164EE0A2197C46900067261F /* ALDynamicFormTests.m */ = {isa = PBXFileReference; lastKnownFileType = sourcecode.c.objc; path = ALDynamicFormTests.m; sourceTree = "<group>"; };
		164EE0B2197C48A80067261F /* ALDynamicForm.h */ = {isa = PBXFileReference; fileEncoding = 4; lastKnownFileType = sourcecode.c.h; name = ALDynamicForm.h; path = /Users/albertolourenco/Desktop/ALDynamicForm/ALDynamicForm/ALDynamicForm/ALDynamicForm.h; sourceTree = "<absolute>"; };
		164EE0B3197C48A80067261F /* ALDynamicForm.m */ = {isa = PBXFileReference; fileEncoding = 4; lastKnownFileType = sourcecode.c.objc; name = ALDynamicForm.m; path = /Users/albertolourenco/Desktop/ALDynamicForm/ALDynamicForm/ALDynamicForm/ALDynamicForm.m; sourceTree = "<absolute>"; };
		164EE0B6197C4D970067261F /* bg_combobox.png */ = {isa = PBXFileReference; lastKnownFileType = image.png; path = bg_combobox.png; sourceTree = "<group>"; };
		164EE0B7197C4D970067261F /* bg_submit.png */ = {isa = PBXFileReference; lastKnownFileType = image.png; path = bg_submit.png; sourceTree = "<group>"; };
		164EE0BA197C4DF40067261F /* Icon-60.png */ = {isa = PBXFileReference; lastKnownFileType = image.png; name = "Icon-60.png"; path = "/Users/albertolourenco/Desktop/ALDynamicForm/ALDynamicForm/Assets/AppIcon/Icon-60.png"; sourceTree = "<absolute>"; };
		164EE0BB197C4DF40067261F /* Icon-60@2x.png */ = {isa = PBXFileReference; lastKnownFileType = image.png; name = "Icon-60@2x.png"; path = "/Users/albertolourenco/Desktop/ALDynamicForm/ALDynamicForm/Assets/AppIcon/Icon-60@2x.png"; sourceTree = "<absolute>"; };
		164EE0BC197C4DF40067261F /* Icon-72.png */ = {isa = PBXFileReference; lastKnownFileType = image.png; name = "Icon-72.png"; path = "/Users/albertolourenco/Desktop/ALDynamicForm/ALDynamicForm/Assets/AppIcon/Icon-72.png"; sourceTree = "<absolute>"; };
		164EE0BD197C4DF40067261F /* Icon-72@2x.png */ = {isa = PBXFileReference; lastKnownFileType = image.png; name = "Icon-72@2x.png"; path = "/Users/albertolourenco/Desktop/ALDynamicForm/ALDynamicForm/Assets/AppIcon/Icon-72@2x.png"; sourceTree = "<absolute>"; };
		164EE0BE197C4DF40067261F /* Icon-76.png */ = {isa = PBXFileReference; lastKnownFileType = image.png; name = "Icon-76.png"; path = "/Users/albertolourenco/Desktop/ALDynamicForm/ALDynamicForm/Assets/AppIcon/Icon-76.png"; sourceTree = "<absolute>"; };
		164EE0BF197C4DF40067261F /* Icon-76@2x.png */ = {isa = PBXFileReference; lastKnownFileType = image.png; name = "Icon-76@2x.png"; path = "/Users/albertolourenco/Desktop/ALDynamicForm/ALDynamicForm/Assets/AppIcon/Icon-76@2x.png"; sourceTree = "<absolute>"; };
		164EE0C0197C4DF40067261F /* Icon-Small-50.png */ = {isa = PBXFileReference; lastKnownFileType = image.png; name = "Icon-Small-50.png"; path = "/Users/albertolourenco/Desktop/ALDynamicForm/ALDynamicForm/Assets/AppIcon/Icon-Small-50.png"; sourceTree = "<absolute>"; };
		164EE0C1197C4DF40067261F /* Icon-Small-50@2x.png */ = {isa = PBXFileReference; lastKnownFileType = image.png; name = "Icon-Small-50@2x.png"; path = "/Users/albertolourenco/Desktop/ALDynamicForm/ALDynamicForm/Assets/AppIcon/Icon-Small-50@2x.png"; sourceTree = "<absolute>"; };
		164EE0C2197C4DF40067261F /* Icon-Small.png */ = {isa = PBXFileReference; lastKnownFileType = image.png; name = "Icon-Small.png"; path = "/Users/albertolourenco/Desktop/ALDynamicForm/ALDynamicForm/Assets/AppIcon/Icon-Small.png"; sourceTree = "<absolute>"; };
		164EE0C3197C4DF40067261F /* Icon-Small@2x.png */ = {isa = PBXFileReference; lastKnownFileType = image.png; name = "Icon-Small@2x.png"; path = "/Users/albertolourenco/Desktop/ALDynamicForm/ALDynamicForm/Assets/AppIcon/Icon-Small@2x.png"; sourceTree = "<absolute>"; };
		164EE0C4197C4DF40067261F /* Icon-Spotlight-40.png */ = {isa = PBXFileReference; lastKnownFileType = image.png; name = "Icon-Spotlight-40.png"; path = "/Users/albertolourenco/Desktop/ALDynamicForm/ALDynamicForm/Assets/AppIcon/Icon-Spotlight-40.png"; sourceTree = "<absolute>"; };
		164EE0C5197C4DF40067261F /* Icon-Spotlight-40@2x.png */ = {isa = PBXFileReference; lastKnownFileType = image.png; name = "Icon-Spotlight-40@2x.png"; path = "/Users/albertolourenco/Desktop/ALDynamicForm/ALDynamicForm/Assets/AppIcon/Icon-Spotlight-40@2x.png"; sourceTree = "<absolute>"; };
		164EE0C6197C4DF40067261F /* Icon.png */ = {isa = PBXFileReference; lastKnownFileType = image.png; name = Icon.png; path = /Users/albertolourenco/Desktop/ALDynamicForm/ALDynamicForm/Assets/AppIcon/Icon.png; sourceTree = "<absolute>"; };
		164EE0C7197C4DF40067261F /* Icon@2x.png */ = {isa = PBXFileReference; lastKnownFileType = image.png; name = "Icon@2x.png"; path = "/Users/albertolourenco/Desktop/ALDynamicForm/ALDynamicForm/Assets/AppIcon/Icon@2x.png"; sourceTree = "<absolute>"; };
		164EE0C8197C4DF40067261F /* iTunesArtwork */ = {isa = PBXFileReference; lastKnownFileType = file; name = iTunesArtwork; path = /Users/albertolourenco/Desktop/ALDynamicForm/ALDynamicForm/Assets/AppIcon/iTunesArtwork; sourceTree = "<absolute>"; };
		164EE0C9197C4DF40067261F /* iTunesArtwork@2x */ = {isa = PBXFileReference; lastKnownFileType = file; name = "iTunesArtwork@2x"; path = "/Users/albertolourenco/Desktop/ALDynamicForm/ALDynamicForm/Assets/AppIcon/iTunesArtwork@2x"; sourceTree = "<absolute>"; };
/* End PBXFileReference section */

/* Begin PBXFrameworksBuildPhase section */
		164EE06E197C46900067261F /* Frameworks */ = {
			isa = PBXFrameworksBuildPhase;
			buildActionMask = 2147483647;
			files = (
				164EE077197C46900067261F /* CoreGraphics.framework in Frameworks */,
				164EE079197C46900067261F /* UIKit.framework in Frameworks */,
				164EE075197C46900067261F /* Foundation.framework in Frameworks */,
			);
			runOnlyForDeploymentPostprocessing = 0;
		};
		164EE092197C46900067261F /* Frameworks */ = {
			isa = PBXFrameworksBuildPhase;
			buildActionMask = 2147483647;
			files = (
				164EE097197C46900067261F /* XCTest.framework in Frameworks */,
				164EE099197C46900067261F /* UIKit.framework in Frameworks */,
				164EE098197C46900067261F /* Foundation.framework in Frameworks */,
			);
			runOnlyForDeploymentPostprocessing = 0;
		};
/* End PBXFrameworksBuildPhase section */

/* Begin PBXGroup section */
		164EE068197C46900067261F = {
			isa = PBXGroup;
			children = (
				164EE07A197C46900067261F /* ALDynamicForm */,
				164EE09C197C46900067261F /* ALDynamicFormTests */,
				164EE073197C46900067261F /* Frameworks */,
				164EE072197C46900067261F /* Products */,
			);
			sourceTree = "<group>";
		};
		164EE072197C46900067261F /* Products */ = {
			isa = PBXGroup;
			children = (
				164EE071197C46900067261F /* ALDynamicForm.app */,
				164EE095197C46900067261F /* ALDynamicFormTests.xctest */,
			);
			name = Products;
			sourceTree = "<group>";
		};
		164EE073197C46900067261F /* Frameworks */ = {
			isa = PBXGroup;
			children = (
				164EE074197C46900067261F /* Foundation.framework */,
				164EE076197C46900067261F /* CoreGraphics.framework */,
				164EE078197C46900067261F /* UIKit.framework */,
				164EE096197C46900067261F /* XCTest.framework */,
			);
			name = Frameworks;
			sourceTree = "<group>";
		};
		164EE07A197C46900067261F /* ALDynamicForm */ = {
			isa = PBXGroup;
			children = (
				164EE0B1197C48770067261F /* ALDynamicForm */,
				164EE0AF197C471E0067261F /* Assets */,
				164EE0AE197C46F00067261F /* Controllers */,
				164EE0AC197C46A10067261F /* Delegate */,
				164EE0AD197C46D30067261F /* Views */,
				164EE07B197C46900067261F /* Supporting Files */,
			);
			name = ALDynamicForm;
			path = /Users/albertolourenco/Desktop/ALDynamicForm/ALDynamicForm;
			sourceTree = "<absolute>";
		};
		164EE07B197C46900067261F /* Supporting Files */ = {
			isa = PBXGroup;
			children = (
				164EE07C197C46900067261F /* ALDynamicForm-Info.plist */,
				164EE07D197C46900067261F /* InfoPlist.strings */,
				164EE080197C46900067261F /* main.m */,
				164EE082197C46900067261F /* ALDynamicForm-Prefix.pch */,
			);
			name = "Supporting Files";
			path = "/Users/albertolourenco/Desktop/ALDynamicForm/ALDynamicForm/Supporting Files";
			sourceTree = "<absolute>";
		};
		164EE09C197C46900067261F /* ALDynamicFormTests */ = {
			isa = PBXGroup;
			children = (
				164EE0A2197C46900067261F /* ALDynamicFormTests.m */,
				164EE09D197C46900067261F /* Supporting Files */,
			);
			path = ALDynamicFormTests;
			sourceTree = "<group>";
		};
		164EE09D197C46900067261F /* Supporting Files */ = {
			isa = PBXGroup;
			children = (
				164EE09E197C46900067261F /* ALDynamicFormTests-Info.plist */,
				164EE09F197C46900067261F /* InfoPlist.strings */,
			);
			name = "Supporting Files";
			sourceTree = "<group>";
		};
		164EE0AC197C46A10067261F /* Delegate */ = {
			isa = PBXGroup;
			children = (
				164EE083197C46900067261F /* AppDelegate.h */,
				164EE084197C46900067261F /* AppDelegate.m */,
			);
			name = Delegate;
			path = /Users/albertolourenco/Desktop/ALDynamicForm/ALDynamicForm/Delegate;
			sourceTree = "<absolute>";
		};
		164EE0AD197C46D30067261F /* Views */ = {
			isa = PBXGroup;
			children = (
				164EE086197C46900067261F /* Main_iPhone.storyboard */,
				164EE089197C46900067261F /* Main_iPad.storyboard */,
			);
			name = Views;
			path = /Users/albertolourenco/Desktop/ALDynamicForm/ALDynamicForm/Views;
			sourceTree = "<absolute>";
		};
		164EE0AE197C46F00067261F /* Controllers */ = {
			isa = PBXGroup;
			children = (
				164EE08C197C46900067261F /* ViewController.h */,
				164EE08D197C46900067261F /* ViewController.m */,
			);
			name = Controllers;
			path = /Users/albertolourenco/Desktop/ALDynamicForm/ALDynamicForm/Controllers;
			sourceTree = "<absolute>";
		};
		164EE0AF197C471E0067261F /* Assets */ = {
			isa = PBXGroup;
			children = (
				164EE0DA197C4DF70067261F /* AppIcon */,
				164EE08F197C46900067261F /* Images.xcassets */,
			);
			name = Assets;
			path = /Users/albertolourenco/Desktop/ALDynamicForm/ALDynamicForm/Assets;
			sourceTree = "<absolute>";
		};
		164EE0B1197C48770067261F /* ALDynamicForm */ = {
			isa = PBXGroup;
			children = (
				164EE0B2197C48A80067261F /* ALDynamicForm.h */,
				164EE0B3197C48A80067261F /* ALDynamicForm.m */,
				164EE0B5197C4D5E0067261F /* Imgs */,
			);
			name = ALDynamicForm;
			path = /Users/albertolourenco/Desktop/ALDynamicForm/ALDynamicForm/ALDynamicForm;
			sourceTree = "<absolute>";
		};
		164EE0B5197C4D5E0067261F /* Imgs */ = {
			isa = PBXGroup;
			children = (
				164EE0B6197C4D970067261F /* bg_combobox.png */,
				164EE0B7197C4D970067261F /* bg_submit.png */,
			);
			name = Imgs;
			sourceTree = "<group>";
		};
		164EE0DA197C4DF70067261F /* AppIcon */ = {
			isa = PBXGroup;
			children = (
				164EE0BA197C4DF40067261F /* Icon-60.png */,
				164EE0BB197C4DF40067261F /* Icon-60@2x.png */,
				164EE0BC197C4DF40067261F /* Icon-72.png */,
				164EE0BD197C4DF40067261F /* Icon-72@2x.png */,
				164EE0BE197C4DF40067261F /* Icon-76.png */,
				164EE0BF197C4DF40067261F /* Icon-76@2x.png */,
				164EE0C0197C4DF40067261F /* Icon-Small-50.png */,
				164EE0C1197C4DF40067261F /* Icon-Small-50@2x.png */,
				164EE0C2197C4DF40067261F /* Icon-Small.png */,
				164EE0C3197C4DF40067261F /* Icon-Small@2x.png */,
				164EE0C4197C4DF40067261F /* Icon-Spotlight-40.png */,
				164EE0C5197C4DF40067261F /* Icon-Spotlight-40@2x.png */,
				164EE0C6197C4DF40067261F /* Icon.png */,
				164EE0C7197C4DF40067261F /* Icon@2x.png */,
				164EE0C8197C4DF40067261F /* iTunesArtwork */,
				164EE0C9197C4DF40067261F /* iTunesArtwork@2x */,
			);
			name = AppIcon;
			path = /Users/albertolourenco/Desktop/ALDynamicForm/ALDynamicForm/Assets/AppIcon;
			sourceTree = "<absolute>";
		};
/* End PBXGroup section */

/* Begin PBXNativeTarget section */
		164EE070197C46900067261F /* ALDynamicForm */ = {
			isa = PBXNativeTarget;
			buildConfigurationList = 164EE0A6197C46900067261F /* Build configuration list for PBXNativeTarget "ALDynamicForm" */;
			buildPhases = (
				164EE06D197C46900067261F /* Sources */,
				164EE06E197C46900067261F /* Frameworks */,
				164EE06F197C46900067261F /* Resources */,
			);
			buildRules = (
			);
			dependencies = (
			);
			name = ALDynamicForm;
			productName = ALDynamicForm;
			productReference = 164EE071197C46900067261F /* ALDynamicForm.app */;
			productType = "com.apple.product-type.application";
		};
		164EE094197C46900067261F /* ALDynamicFormTests */ = {
			isa = PBXNativeTarget;
			buildConfigurationList = 164EE0A9197C46900067261F /* Build configuration list for PBXNativeTarget "ALDynamicFormTests" */;
			buildPhases = (
				164EE091197C46900067261F /* Sources */,
				164EE092197C46900067261F /* Frameworks */,
				164EE093197C46900067261F /* Resources */,
			);
			buildRules = (
			);
			dependencies = (
				164EE09B197C46900067261F /* PBXTargetDependency */,
			);
			name = ALDynamicFormTests;
			productName = ALDynamicFormTests;
			productReference = 164EE095197C46900067261F /* ALDynamicFormTests.xctest */;
			productType = "com.apple.product-type.bundle.unit-test";
		};
/* End PBXNativeTarget section */

/* Begin PBXProject section */
		164EE069197C46900067261F /* Project object */ = {
			isa = PBXProject;
			attributes = {
				LastUpgradeCheck = 0510;
				ORGANIZATIONNAME = "Alberto Lourenço";
				TargetAttributes = {
					164EE094197C46900067261F = {
						TestTargetID = 164EE070197C46900067261F;
					};
				};
			};
			buildConfigurationList = 164EE06C197C46900067261F /* Build configuration list for PBXProject "ALDynamicForm" */;
			compatibilityVersion = "Xcode 3.2";
			developmentRegion = English;
			hasScannedForEncodings = 0;
			knownRegions = (
				en,
				Base,
			);
			mainGroup = 164EE068197C46900067261F;
			productRefGroup = 164EE072197C46900067261F /* Products */;
			projectDirPath = "";
			projectRoot = "";
			targets = (
				164EE070197C46900067261F /* ALDynamicForm */,
				164EE094197C46900067261F /* ALDynamicFormTests */,
			);
		};
/* End PBXProject section */

/* Begin PBXResourcesBuildPhase section */
		164EE06F197C46900067261F /* Resources */ = {
			isa = PBXResourcesBuildPhase;
			buildActionMask = 2147483647;
			files = (
				164EE0B9197C4D970067261F /* bg_submit.png in Resources */,
				164EE0B8197C4D970067261F /* bg_combobox.png in Resources */,
				164EE0D1197C4DF40067261F /* Icon-Small-50@2x.png in Resources */,
				164EE0CD197C4DF40067261F /* Icon-72@2x.png in Resources */,
				164EE0CC197C4DF40067261F /* Icon-72.png in Resources */,
				164EE08B197C46900067261F /* Main_iPad.storyboard in Resources */,
				164EE090197C46900067261F /* Images.xcassets in Resources */,
				164EE0CE197C4DF40067261F /* Icon-76.png in Resources */,
				164EE0D9197C4DF40067261F /* iTunesArtwork@2x in Resources */,
				164EE0D2197C4DF40067261F /* Icon-Small.png in Resources */,
				164EE0D7197C4DF40067261F /* Icon@2x.png in Resources */,
				164EE088197C46900067261F /* Main_iPhone.storyboard in Resources */,
				164EE0D6197C4DF40067261F /* Icon.png in Resources */,
				164EE0D5197C4DF40067261F /* Icon-Spotlight-40@2x.png in Resources */,
				164EE0D0197C4DF40067261F /* Icon-Small-50.png in Resources */,
				164EE0CA197C4DF40067261F /* Icon-60.png in Resources */,
				164EE07F197C46900067261F /* InfoPlist.strings in Resources */,
				164EE0D8197C4DF40067261F /* iTunesArtwork in Resources */,
				164EE0D3197C4DF40067261F /* Icon-Small@2x.png in Resources */,
				164EE0CF197C4DF40067261F /* Icon-76@2x.png in Resources */,
				164EE0D4197C4DF40067261F /* Icon-Spotlight-40.png in Resources */,
				164EE0CB197C4DF40067261F /* Icon-60@2x.png in Resources */,
			);
			runOnlyForDeploymentPostprocessing = 0;
		};
		164EE093197C46900067261F /* Resources */ = {
			isa = PBXResourcesBuildPhase;
			buildActionMask = 2147483647;
			files = (
				164EE0A1197C46900067261F /* InfoPlist.strings in Resources */,
			);
			runOnlyForDeploymentPostprocessing = 0;
		};
/* End PBXResourcesBuildPhase section */

/* Begin PBXSourcesBuildPhase section */
		164EE06D197C46900067261F /* Sources */ = {
			isa = PBXSourcesBuildPhase;
			buildActionMask = 2147483647;
			files = (
				164EE08E197C46900067261F /* ViewController.m in Sources */,
				164EE0B4197C48A80067261F /* ALDynamicForm.m in Sources */,
				164EE085197C46900067261F /* AppDelegate.m in Sources */,
				164EE081197C46900067261F /* main.m in Sources */,
			);
			runOnlyForDeploymentPostprocessing = 0;
		};
		164EE091197C46900067261F /* Sources */ = {
			isa = PBXSourcesBuildPhase;
			buildActionMask = 2147483647;
			files = (
				164EE0A3197C46900067261F /* ALDynamicFormTests.m in Sources */,
			);
			runOnlyForDeploymentPostprocessing = 0;
		};
/* End PBXSourcesBuildPhase section */

/* Begin PBXTargetDependency section */
		164EE09B197C46900067261F /* PBXTargetDependency */ = {
			isa = PBXTargetDependency;
			target = 164EE070197C46900067261F /* ALDynamicForm */;
			targetProxy = 164EE09A197C46900067261F /* PBXContainerItemProxy */;
		};
/* End PBXTargetDependency section */

/* Begin PBXVariantGroup section */
		164EE07D197C46900067261F /* InfoPlist.strings */ = {
			isa = PBXVariantGroup;
			children = (
				164EE07E197C46900067261F /* en */,
			);
			name = InfoPlist.strings;
			path = ..;
			sourceTree = "<group>";
		};
		164EE086197C46900067261F /* Main_iPhone.storyboard */ = {
			isa = PBXVariantGroup;
			children = (
				164EE087197C46900067261F /* Base */,
			);
			name = Main_iPhone.storyboard;
			sourceTree = "<group>";
		};
		164EE089197C46900067261F /* Main_iPad.storyboard */ = {
			isa = PBXVariantGroup;
			children = (
				164EE08A197C46900067261F /* Base */,
			);
			name = Main_iPad.storyboard;
			sourceTree = "<group>";
		};
		164EE09F197C46900067261F /* InfoPlist.strings */ = {
			isa = PBXVariantGroup;
			children = (
				164EE0A0197C46900067261F /* en */,
			);
			name = InfoPlist.strings;
			sourceTree = "<group>";
		};
/* End PBXVariantGroup section */

/* Begin XCBuildConfiguration section */
		164EE0A4197C46900067261F /* Debug */ = {
			isa = XCBuildConfiguration;
			buildSettings = {
				ALWAYS_SEARCH_USER_PATHS = NO;
				CLANG_CXX_LANGUAGE_STANDARD = "gnu++0x";
				CLANG_CXX_LIBRARY = "libc++";
				CLANG_ENABLE_MODULES = YES;
				CLANG_ENABLE_OBJC_ARC = YES;
				CLANG_WARN_BOOL_CONVERSION = YES;
				CLANG_WARN_CONSTANT_CONVERSION = YES;
				CLANG_WARN_DIRECT_OBJC_ISA_USAGE = YES_ERROR;
				CLANG_WARN_EMPTY_BODY = YES;
				CLANG_WARN_ENUM_CONVERSION = YES;
				CLANG_WARN_INT_CONVERSION = YES;
				CLANG_WARN_OBJC_ROOT_CLASS = YES_ERROR;
				CLANG_WARN__DUPLICATE_METHOD_MATCH = YES;
				"CODE_SIGN_IDENTITY[sdk=iphoneos*]" = "iPhone Developer";
				COPY_PHASE_STRIP = NO;
				GCC_C_LANGUAGE_STANDARD = gnu99;
				GCC_DYNAMIC_NO_PIC = NO;
				GCC_OPTIMIZATION_LEVEL = 0;
				GCC_PREPROCESSOR_DEFINITIONS = (
					"DEBUG=1",
					"$(inherited)",
				);
				GCC_SYMBOLS_PRIVATE_EXTERN = NO;
				GCC_WARN_64_TO_32_BIT_CONVERSION = YES;
				GCC_WARN_ABOUT_RETURN_TYPE = YES_ERROR;
				GCC_WARN_UNDECLARED_SELECTOR = YES;
				GCC_WARN_UNINITIALIZED_AUTOS = YES_AGGRESSIVE;
				GCC_WARN_UNUSED_FUNCTION = YES;
				GCC_WARN_UNUSED_VARIABLE = YES;
				IPHONEOS_DEPLOYMENT_TARGET = 7.1;
				ONLY_ACTIVE_ARCH = YES;
				SDKROOT = iphoneos;
				TARGETED_DEVICE_FAMILY = "1,2";
			};
			name = Debug;
		};
		164EE0A5197C46900067261F /* Release */ = {
			isa = XCBuildConfiguration;
			buildSettings = {
				ALWAYS_SEARCH_USER_PATHS = NO;
				CLANG_CXX_LANGUAGE_STANDARD = "gnu++0x";
				CLANG_CXX_LIBRARY = "libc++";
				CLANG_ENABLE_MODULES = YES;
				CLANG_ENABLE_OBJC_ARC = YES;
				CLANG_WARN_BOOL_CONVERSION = YES;
				CLANG_WARN_CONSTANT_CONVERSION = YES;
				CLANG_WARN_DIRECT_OBJC_ISA_USAGE = YES_ERROR;
				CLANG_WARN_EMPTY_BODY = YES;
				CLANG_WARN_ENUM_CONVERSION = YES;
				CLANG_WARN_INT_CONVERSION = YES;
				CLANG_WARN_OBJC_ROOT_CLASS = YES_ERROR;
				CLANG_WARN__DUPLICATE_METHOD_MATCH = YES;
				"CODE_SIGN_IDENTITY[sdk=iphoneos*]" = "iPhone Developer";
				COPY_PHASE_STRIP = YES;
				ENABLE_NS_ASSERTIONS = NO;
				GCC_C_LANGUAGE_STANDARD = gnu99;
				GCC_WARN_64_TO_32_BIT_CONVERSION = YES;
				GCC_WARN_ABOUT_RETURN_TYPE = YES_ERROR;
				GCC_WARN_UNDECLARED_SELECTOR = YES;
				GCC_WARN_UNINITIALIZED_AUTOS = YES_AGGRESSIVE;
				GCC_WARN_UNUSED_FUNCTION = YES;
				GCC_WARN_UNUSED_VARIABLE = YES;
				IPHONEOS_DEPLOYMENT_TARGET = 7.1;
				SDKROOT = iphoneos;
				TARGETED_DEVICE_FAMILY = "1,2";
				VALIDATE_PRODUCT = YES;
			};
			name = Release;
		};
		164EE0A7197C46900067261F /* Debug */ = {
			isa = XCBuildConfiguration;
			buildSettings = {
				ASSETCATALOG_COMPILER_APPICON_NAME = AppIcon;
				ASSETCATALOG_COMPILER_LAUNCHIMAGE_NAME = LaunchImage;
				GCC_PRECOMPILE_PREFIX_HEADER = YES;
				GCC_PREFIX_HEADER = "ALDynamicForm/ALDynamicForm-Prefix.pch";
				INFOPLIST_FILE = "ALDynamicForm/ALDynamicForm-Info.plist";
				IPHONEOS_DEPLOYMENT_TARGET = 7.0;
				PRODUCT_NAME = "$(TARGET_NAME)";
				WRAPPER_EXTENSION = app;
			};
			name = Debug;
		};
		164EE0A8197C46900067261F /* Release */ = {
			isa = XCBuildConfiguration;
			buildSettings = {
				ASSETCATALOG_COMPILER_APPICON_NAME = AppIcon;
				ASSETCATALOG_COMPILER_LAUNCHIMAGE_NAME = LaunchImage;
				GCC_PRECOMPILE_PREFIX_HEADER = YES;
				GCC_PREFIX_HEADER = "ALDynamicForm/ALDynamicForm-Prefix.pch";
				INFOPLIST_FILE = "ALDynamicForm/ALDynamicForm-Info.plist";
				IPHONEOS_DEPLOYMENT_TARGET = 7.0;
				PRODUCT_NAME = "$(TARGET_NAME)";
				WRAPPER_EXTENSION = app;
			};
			name = Release;
		};
		164EE0AA197C46900067261F /* Debug */ = {
			isa = XCBuildConfiguration;
			buildSettings = {
				BUNDLE_LOADER = "$(BUILT_PRODUCTS_DIR)/ALDynamicForm.app/ALDynamicForm";
				FRAMEWORK_SEARCH_PATHS = (
					"$(SDKROOT)/Developer/Library/Frameworks",
					"$(inherited)",
					"$(DEVELOPER_FRAMEWORKS_DIR)",
				);
				GCC_PRECOMPILE_PREFIX_HEADER = YES;
				GCC_PREFIX_HEADER = "ALDynamicForm/ALDynamicForm-Prefix.pch";
				GCC_PREPROCESSOR_DEFINITIONS = (
					"DEBUG=1",
					"$(inherited)",
				);
				INFOPLIST_FILE = "ALDynamicFormTests/ALDynamicFormTests-Info.plist";
				PRODUCT_NAME = "$(TARGET_NAME)";
				TEST_HOST = "$(BUNDLE_LOADER)";
				WRAPPER_EXTENSION = xctest;
			};
			name = Debug;
		};
		164EE0AB197C46900067261F /* Release */ = {
			isa = XCBuildConfiguration;
			buildSettings = {
				BUNDLE_LOADER = "$(BUILT_PRODUCTS_DIR)/ALDynamicForm.app/ALDynamicForm";
				FRAMEWORK_SEARCH_PATHS = (
					"$(SDKROOT)/Developer/Library/Frameworks",
					"$(inherited)",
					"$(DEVELOPER_FRAMEWORKS_DIR)",
				);
				GCC_PRECOMPILE_PREFIX_HEADER = YES;
				GCC_PREFIX_HEADER = "ALDynamicForm/ALDynamicForm-Prefix.pch";
				INFOPLIST_FILE = "ALDynamicFormTests/ALDynamicFormTests-Info.plist";
				PRODUCT_NAME = "$(TARGET_NAME)";
				TEST_HOST = "$(BUNDLE_LOADER)";
				WRAPPER_EXTENSION = xctest;
			};
			name = Release;
		};
/* End XCBuildConfiguration section */

/* Begin XCConfigurationList section */
		164EE06C197C46900067261F /* Build configuration list for PBXProject "ALDynamicForm" */ = {
			isa = XCConfigurationList;
			buildConfigurations = (
				164EE0A4197C46900067261F /* Debug */,
				164EE0A5197C46900067261F /* Release */,
			);
			defaultConfigurationIsVisible = 0;
			defaultConfigurationName = Release;
		};
		164EE0A6197C46900067261F /* Build configuration list for PBXNativeTarget "ALDynamicForm" */ = {
			isa = XCConfigurationList;
			buildConfigurations = (
				164EE0A7197C46900067261F /* Debug */,
				164EE0A8197C46900067261F /* Release */,
			);
			defaultConfigurationIsVisible = 0;
		};
		164EE0A9197C46900067261F /* Build configuration list for PBXNativeTarget "ALDynamicFormTests" */ = {
			isa = XCConfigurationList;
			buildConfigurations = (
				164EE0AA197C46900067261F /* Debug */,
				164EE0AB197C46900067261F /* Release */,
			);
			defaultConfigurationIsVisible = 0;
		};
/* End XCConfigurationList section */
	};
	rootObject = 164EE069197C46900067261F /* Project object */;
}
